{
    "_readme": [
        "This file locks the dependencies of your project to a known state",
        "Read more about it at https://getcomposer.org/doc/01-basic-usage.md#composer-lock-the-lock-file",
        "This file is @generated automatically"
    ],
    "hash": "721c564140bc0636babf18954e3e495e",
    "content-hash": "e8cc81c2a494fa8357f116e27867d715",
    "packages": [
        {
            "name": "battis/bootstrapsmarty",
            "version": "v1.1",
            "source": {
                "type": "git",
                "url": "https://github.com/battis/bootstrapsmarty.git",
                "reference": "4f5d8088c0950588dcea68247c9996da3776af67"
            },
            "dist": {
                "type": "zip",
                "url": "https://api.github.com/repos/battis/bootstrapsmarty/zipball/4f5d8088c0950588dcea68247c9996da3776af67",
                "reference": "4f5d8088c0950588dcea68247c9996da3776af67",
                "shasum": ""
            },
            "require": {
                "battis/data-utilities": "dev-master",
                "bower-asset/bootstrap-datepicker": "dev-master",
                "bower-asset/bootstrap-sortable": "dev-master",
                "bower-asset/xaguilars-bootstrap-colorpicker": "dev-master",
                "fxp/composer-asset-plugin": "^1.1",
                "smarty/smarty": "3.1.*"
            },
            "type": "library",
            "autoload": {
                "psr-4": {
                    "Battis\\BootstrapSmarty\\": "src/"
                }
            },
            "notification-url": "https://packagist.org/downloads/",
            "license": [
                "LGPL-3.0"
            ],
            "authors": [
                {
                    "name": "Seth Battis",
                    "email": "seth@battis.net"
                }
            ],
            "description": "A wrapper for Smarty to set (and maintain) defaults within a Bootstrap UI environment",
            "time": "2016-03-17 19:04:07"
        },
        {
            "name": "battis/data-utilities",
            "version": "dev-master",
            "source": {
                "type": "git",
                "url": "https://github.com/battis/data-utilities.git",
                "reference": "6b98088af200389f394e40e5667987d4b8751d98"
            },
            "dist": {
                "type": "zip",
                "url": "https://api.github.com/repos/battis/data-utilities/zipball/6b98088af200389f394e40e5667987d4b8751d98",
                "reference": "6b98088af200389f394e40e5667987d4b8751d98",
                "shasum": ""
            },
            "type": "library",
            "autoload": {
                "psr-4": {
                    "Battis\\": "src/"
                }
            },
            "notification-url": "https://packagist.org/downloads/",
            "license": [
                "GPL-3.0"
            ],
            "authors": [
                {
                    "name": "Seth Battis",
                    "email": "sethbattis@stmarksschool.org"
                }
            ],
            "description": "A handful of useful helper functions to process data",
            "time": "2016-03-16 14:17:11"
        },
        {
            "name": "bower-asset/bootstrap",
            "version": "v3.3.5",
            "source": {
                "type": "git",
                "url": "https://github.com/twbs/bootstrap.git",
                "reference": "16b48259a62f576e52c903c476bd42b90ab22482"
            },
            "dist": {
                "type": "zip",
                "url": "https://api.github.com/repos/twbs/bootstrap/zipball/16b48259a62f576e52c903c476bd42b90ab22482",
                "reference": "16b48259a62f576e52c903c476bd42b90ab22482",
                "shasum": ""
            },
            "require": {
                "bower-asset/jquery": ">=1.9.1"
            },
            "type": "bower-asset-library",
            "extra": {
                "bower-asset-main": [
                    "less/bootstrap.less",
                    "dist/js/bootstrap.js"
                ],
                "bower-asset-ignore": [
                    "/.*",
                    "_config.yml",
                    "CNAME",
                    "composer.json",
                    "CONTRIBUTING.md",
                    "docs",
                    "js/tests",
                    "test-infra"
                ]
            },
            "license": [
                "MIT"
            ],
            "description": "The most popular front-end framework for developing responsive, mobile first projects on the web.",
            "keywords": [
                "css",
                "framework",
                "front-end",
                "js",
                "less",
                "mobile-first",
                "responsive",
                "web"
            ]
        },
        {
            "name": "bower-asset/bootstrap-datepicker",
            "version": "dev-master",
            "source": {
                "type": "git",
                "url": "https://github.com/eternicode/bootstrap-datepicker.git",
                "reference": "67a348a3bc51b34b1500186bc3a6ec0b18b54b47"
            },
            "dist": {
                "type": "zip",
                "url": "https://api.github.com/repos/eternicode/bootstrap-datepicker/zipball/67a348a3bc51b34b1500186bc3a6ec0b18b54b47",
                "reference": "67a348a3bc51b34b1500186bc3a6ec0b18b54b47",
                "shasum": ""
            },
            "require": {
                "bower-asset/jquery": ">=1.7.1"
            },
            "type": "bower-asset-library",
            "extra": {
                "bower-asset-main": [
                    "dist/css/bootstrap-datepicker3.css",
                    "dist/js/bootstrap-datepicker.min.js"
                ],
                "bower-asset-ignore": []
            },
            "license": [
                "Apache-2.0"
            ]
        },
        {
            "name": "bower-asset/bootstrap-sortable",
            "version": "dev-master",
            "source": {
                "type": "git",
                "url": "https://github.com/drvic10k/bootstrap-sortable.git",
                "reference": "29454e4bd762570502c215dbacdaff58018ff62b"
            },
            "dist": {
                "type": "zip",
                "url": "https://api.github.com/repos/drvic10k/bootstrap-sortable/zipball/29454e4bd762570502c215dbacdaff58018ff62b",
                "reference": "29454e4bd762570502c215dbacdaff58018ff62b",
                "shasum": ""
            },
            "require": {
                "bower-asset/jquery": ">=1.9.0",
                "bower-asset/moment": ">=2.3.1"
            },
            "type": "bower-asset-library",
            "extra": {
                "bower-asset-main": "Scripts/bootstrap-sortable.js",
                "bower-asset-ignore": [
                    "Scripts/moment.min.js"
                ],
                "branch-alias": {
                    "dev-master": "2.0.0-dev"
                }
            },
            "license": [
                "MIT"
            ],
            "description": "Adding sorting ability to HTML tables",
            "keywords": [
                "bootstrap sortable",
                "bootstrap-sortable",
                "sort table",
                "sortable",
                "sortable table"
            ]
        },
        {
            "name": "bower-asset/jquery",
            "version": "dev-master",
            "source": {
                "type": "git",
                "url": "https://github.com/jquery/jquery-dist.git",
                "reference": "086d381cd2f3b4b8b0af85ecb2c9593a61e5b4bd"
            },
            "dist": {
                "type": "zip",
                "url": "https://api.github.com/repos/jquery/jquery-dist/zipball/086d381cd2f3b4b8b0af85ecb2c9593a61e5b4bd",
                "reference": "086d381cd2f3b4b8b0af85ecb2c9593a61e5b4bd",
                "shasum": ""
            },
            "type": "bower-asset-library",
            "extra": {
                "bower-asset-main": "dist/jquery.js",
                "bower-asset-ignore": [
                    "package.json"
                ]
            },
            "license": [
                "MIT"
            ],
            "keywords": [
                "browser",
                "javascript",
                "jquery",
                "library"
            ]
        },
        {
            "name": "bower-asset/moment",
            "version": "dev-master",
            "source": {
                "type": "git",
                "url": "https://github.com/moment/moment.git",
                "reference": "b135bf1a6d58ff94287f0a21455bfa6a1ddc7226"
            },
            "dist": {
                "type": "zip",
                "url": "https://api.github.com/repos/moment/moment/zipball/b135bf1a6d58ff94287f0a21455bfa6a1ddc7226",
                "reference": "b135bf1a6d58ff94287f0a21455bfa6a1ddc7226",
                "shasum": ""
            },
            "type": "bower-asset-library",
            "extra": {
                "bower-asset-main": "moment.js",
                "bower-asset-ignore": [
                    "**/.*",
                    "benchmarks",
                    "bower_components",
                    "meteor",
                    "node_modules",
                    "scripts",
                    "tasks",
                    "test",
                    "component.json",
                    "composer.json",
                    "CONTRIBUTING.md",
                    "ender.js",
                    "Gruntfile.js",
                    "Moment.js.nuspec",
                    "package.js",
                    "package.json"
                ]
            }
        },
        {
            "name": "bower-asset/xaguilars-bootstrap-colorpicker",
            "version": "dev-master",
            "source": {
                "type": "git",
                "url": "https://github.com/mjolnic/bootstrap-colorpicker.git",
                "reference": "642c84bf4a84aaa54dd10079bf441385be8d5e69"
            },
            "dist": {
                "type": "zip",
                "url": "https://api.github.com/repos/mjolnic/bootstrap-colorpicker/zipball/642c84bf4a84aaa54dd10079bf441385be8d5e69",
                "reference": "642c84bf4a84aaa54dd10079bf441385be8d5e69",
                "shasum": ""
            },
            "require": {
                "bower-asset/bootstrap": ">=2",
                "bower-asset/jquery": ">=1.10"
            },
            "type": "bower-asset-library",
            "extra": {
                "bower-asset-main": [
                    "dist/css/bootstrap-colorpicker.css",
                    "dist/js/bootstrap-colorpicker.js"
                ],
                "bower-asset-ignore": [
                    "\\.*",
                    "/index.html",
                    "/package.json",
                    "/composer.json",
                    "/Gruntfile.js"
                ],
                "branch-alias": {
                    "dev-master": "2.3.0-dev"
                }
            }
        },
        {
            "name": "fxp/composer-asset-plugin",
            "version": "dev-master",
            "source": {
                "type": "git",
                "url": "https://github.com/francoispluchino/composer-asset-plugin.git",
                "reference": "bae7a15712e9339a2439aeca3b7c5ecf65b087d1"
            },
            "dist": {
                "type": "zip",
                "url": "https://api.github.com/repos/francoispluchino/composer-asset-plugin/zipball/bae7a15712e9339a2439aeca3b7c5ecf65b087d1",
                "reference": "bae7a15712e9339a2439aeca3b7c5ecf65b087d1",
                "shasum": ""
            },
            "require": {
                "composer-plugin-api": "^1.0",
                "php": ">=5.3.3"
            },
            "require-dev": {
                "composer/composer": "~1.0@dev"
            },
            "type": "composer-plugin",
            "extra": {
                "class": "Fxp\\Composer\\AssetPlugin\\FxpAssetPlugin",
                "branch-alias": {
                    "dev-master": "1.1-dev"
                }
            },
            "autoload": {
                "psr-4": {
                    "Fxp\\Composer\\AssetPlugin\\": ""
                }
            },
            "notification-url": "https://packagist.org/downloads/",
            "license": [
                "MIT"
            ],
            "authors": [
                {
                    "name": "François Pluchino",
                    "email": "francois.pluchino@gmail.com"
                }
            ],
            "description": "NPM/Bower Dependency Manager for Composer",
            "homepage": "https://github.com/francoispluchino/composer-asset-plugin",
            "keywords": [
                "asset",
                "bower",
                "composer",
                "dependency manager",
                "nodejs",
                "npm",
                "package"
            ],
            "time": "2016-02-25 16:35:08"
        },
        {
            "name": "smarty/smarty",
            "version": "dev-master",
            "source": {
                "type": "git",
                "url": "https://github.com/smarty-php/smarty.git",
                "reference": "ff6a8521bb588187eefa2695c3959fe101d22c18"
            },
            "dist": {
                "type": "zip",
                "url": "https://api.github.com/repos/smarty-php/smarty/zipball/ff6a8521bb588187eefa2695c3959fe101d22c18",
                "reference": "ff6a8521bb588187eefa2695c3959fe101d22c18",
                "shasum": ""
            },
            "require": {
                "php": ">=5.2"
            },
            "type": "library",
            "extra": {
                "branch-alias": {
                    "dev-master": "3.1.x-dev"
                }
            },
            "autoload": {
                "classmap": [
                    "libs/Smarty.class.php",
                    "libs/SmartyBC.class.php",
                    "libs/sysplugins/"
                ]
            },
            "notification-url": "https://packagist.org/downloads/",
            "license": [
                "LGPL-3.0"
            ],
            "authors": [
                {
                    "name": "Monte Ohrt",
                    "email": "monte@ohrt.com"
                },
                {
                    "name": "Uwe Tews",
                    "email": "uwe.tews@googlemail.com"
                },
                {
                    "name": "Rodney Rehm",
                    "email": "rodney.rehm@medialize.de"
                }
            ],
            "description": "Smarty - the compiling PHP template engine",
            "homepage": "http://www.smarty.net",
            "keywords": [
                "templating"
            ],
            "time": "2016-03-11 02:36:43"
        },
        {
            "name": "smtech/stmarks-colors",
            "version": "dev-master",
            "source": {
                "type": "git",
                "url": "https://github.com/smtech/stmarks-colors.git",
                "reference": "4e36a4f9e76c00d894487dac18a9d85ebcc54c39"
            },
            "dist": {
                "type": "zip",
                "url": "https://api.github.com/repos/smtech/stmarks-colors/zipball/4e36a4f9e76c00d894487dac18a9d85ebcc54c39",
                "reference": "4e36a4f9e76c00d894487dac18a9d85ebcc54c39",
                "shasum": ""
            },
            "type": "library",
            "autoload": {
                "psr-4": {
                    "smtech\\": "src/"
                }
            },
            "notification-url": "https://packagist.org/downloads/",
            "license": [
                "LGPL-3.0"
            ],
            "authors": [
                {
                    "name": "Seth Battis",
                    "email": "sethbattis@stmarksschool.org"
                }
            ],
            "description": "An object-ified, consistent set of hex colors for St. Mark’s projects",
            "time": "2016-03-17 15:26:18"
        }
    ],
    "packages-dev": [],
    "aliases": [],
    "minimum-stability": "dev",
    "stability-flags": {
        "smtech/stmarks-colors": 20
    },
    "prefer-stable": false,
    "prefer-lowest": false,
    "platform": [],
    "platform-dev": []
}
